
Microsoft Visual Studio Solution File, Format Version 12.00
# Visual Studio Version 16
VisualStudioVersion = 16.0.30804.86
MinimumVisualStudioVersion = 10.0.40219.1
Project("{9A19103F-16F7-4668-BE54-9A1E7A4F7556}") = "MatchSchedulerAPI", "MatchSchedulerAPI\MatchSchedulerAPI.csproj", "{DB03B0F2-66BE-45D8-A0D6-844F646E95F6}"
EndProject
Project("{9A19103F-16F7-4668-BE54-9A1E7A4F7556}") = "GroupManager", "GroupManager\GroupManager.csproj", "{19D2F425-3999-4192-AF70-C55F5EBA3282}"
EndProject
Project("{9A19103F-16F7-4668-BE54-9A1E7A4F7556}") = "VirStdv1", "VirStdv1\VirStdv1.csproj", "{0B129CB8-0A05-4449-B0B5-8ED7EAAEFE17}"
EndProject
Project("{FAE04EC0-301F-11D3-BF4B-00C04F79EFBC}") = "MongoIdentityCheck", "MongoIdentityCheck\MongoIdentityCheck.csproj", "{422B05C6-78CC-42DA-8E84-5D242A6D32A7}"
EndProject
Global
	GlobalSection(SolutionConfigurationPlatforms) = preSolution
		Debug|Any CPU = Debug|Any CPU
		Release|Any CPU = Release|Any CPU
	EndGlobalSection
	GlobalSection(ProjectConfigurationPlatforms) = postSolution
		{DB03B0F2-66BE-45D8-A0D6-844F646E95F6}.Debug|Any CPU.ActiveCfg = Debug|Any CPU
		{DB03B0F2-66BE-45D8-A0D6-844F646E95F6}.Debug|Any CPU.Build.0 = Debug|Any CPU
		{DB03B0F2-66BE-45D8-A0D6-844F646E95F6}.Release|Any CPU.ActiveCfg = Release|Any CPU
		{DB03B0F2-66BE-45D8-A0D6-844F646E95F6}.Release|Any CPU.Build.0 = Release|Any CPU
		{19D2F425-3999-4192-AF70-C55F5EBA3282}.Debug|Any CPU.ActiveCfg = Debug|Any CPU
		{19D2F425-3999-4192-AF70-C55F5EBA3282}.Debug|Any CPU.Build.0 = Debug|Any CPU
		{19D2F425-3999-4192-AF70-C55F5EBA3282}.Release|Any CPU.ActiveCfg = Release|Any CPU
		{19D2F425-3999-4192-AF70-C55F5EBA3282}.Release|Any CPU.Build.0 = Release|Any CPU
		{0B129CB8-0A05-4449-B0B5-8ED7EAAEFE17}.Debug|Any CPU.ActiveCfg = Debug|Any CPU
		{0B129CB8-0A05-4449-B0B5-8ED7EAAEFE17}.Debug|Any CPU.Build.0 = Debug|Any CPU
		{0B129CB8-0A05-4449-B0B5-8ED7EAAEFE17}.Release|Any CPU.ActiveCfg = Release|Any CPU
		{0B129CB8-0A05-4449-B0B5-8ED7EAAEFE17}.Release|Any CPU.Build.0 = Release|Any CPU
		{422B05C6-78CC-42DA-8E84-5D242A6D32A7}.Debug|Any CPU.ActiveCfg = Debug|Any CPU
		{422B05C6-78CC-42DA-8E84-5D242A6D32A7}.Debug|Any CPU.Build.0 = Debug|Any CPU
		{422B05C6-78CC-42DA-8E84-5D242A6D32A7}.Release|Any CPU.ActiveCfg = Release|Any CPU
		{422B05C6-78CC-42DA-8E84-5D242A6D32A7}.Release|Any CPU.Build.0 = Release|Any CPU
	EndGlobalSection
	GlobalSection(SolutionProperties) = preSolution
		HideSolutionNode = FALSE
	EndGlobalSection
	GlobalSection(ExtensibilityGlobals) = postSolution
		SolutionGuid = {383E117C-68F6-4078-922A-D5585256F3FD}
	EndGlobalSection
EndGlobal
